
Microsoft Visual Studio Solution File, Format Version 12.00
# Visual Studio 15
VisualStudioVersion = 15.0.28307.168
MinimumVisualStudioVersion = 10.0.40219.1
Project("{FAE04EC0-301F-11D3-BF4B-00C04F79EFBC}") = "TestProject", "WindowsFormsApp1\TestProject.csproj", "{1BF39249-61C9-45DF-ADAC-47B6BAA02DAD}"
EndProject
Global
	GlobalSection(SolutionConfigurationPlatforms) = preSolution
		Debug|Any CPU = Debug|Any CPU
		Release|Any CPU = Release|Any CPU
	EndGlobalSection
	GlobalSection(ProjectConfigurationPlatforms) = postSolution
		{1BF39249-61C9-45DF-ADAC-47B6BAA02DAD}.Debug|Any CPU.ActiveCfg = Debug|Any CPU
		{1BF39249-61C9-45DF-ADAC-47B6BAA02DAD}.Debug|Any CPU.Build.0 = Debug|Any CPU
		{1BF39249-61C9-45DF-ADAC-47B6BAA02DAD}.Release|Any CPU.ActiveCfg = Release|Any CPU
		{1BF39249-61C9-45DF-ADAC-47B6BAA02DAD}.Release|Any CPU.Build.0 = Release|Any CPU
	EndGlobalSection
	GlobalSection(SolutionProperties) = preSolution
		HideSolutionNode = FALSE
	EndGlobalSection
	GlobalSection(ExtensibilityGlobals) = postSolution
		SolutionGuid = {C089AA63-C34A-439D-941B-E51C20F762C4}
	EndGlobalSection
EndGlobal
